
Microsoft Visual Studio Solution File, Format Version 12.00
# Visual Studio Version 16
VisualStudioVersion = 16.0.29324.140
MinimumVisualStudioVersion = 10.0.40219.1
Project("{FAE04EC0-301F-11D3-BF4B-00C04F79EFBC}") = "wiserent", "wiserent.csproj", "{EB97743D-984F-449D-AFB2-E349162C2D2B}"
EndProject
Global
	GlobalSection(SolutionConfigurationPlatforms) = preSolution
		Debug|Any CPU = Debug|Any CPU
		Release|Any CPU = Release|Any CPU
	EndGlobalSection
	GlobalSection(ProjectConfigurationPlatforms) = postSolution
		{EB97743D-984F-449D-AFB2-E349162C2D2B}.Debug|Any CPU.ActiveCfg = Debug|Any CPU
		{EB97743D-984F-449D-AFB2-E349162C2D2B}.Debug|Any CPU.Build.0 = Debug|Any CPU
		{EB97743D-984F-449D-AFB2-E349162C2D2B}.Release|Any CPU.ActiveCfg = Release|Any CPU
		{EB97743D-984F-449D-AFB2-E349162C2D2B}.Release|Any CPU.Build.0 = Release|Any CPU
	EndGlobalSection
	GlobalSection(SolutionProperties) = preSolution
		HideSolutionNode = FALSE
	EndGlobalSection
	GlobalSection(ExtensibilityGlobals) = postSolution
		SolutionGuid = {91C69D45-545F-4DDE-AE50-87295096789D}
	EndGlobalSection
EndGlobal
